
Microsoft Visual Studio Solution File, Format Version 12.00
# Visual Studio Version 17
VisualStudioVersion = 17.5.002.0
MinimumVisualStudioVersion = 10.0.40219.1
Project("{9A19103F-16F7-4668-BE54-9A1E7A4F7556}") = "projeto_dio", "projeto_dio.csproj", "{4BEEC856-A1E7-4D2A-9184-EA4742A3C032}"
EndProject
Global
	GlobalSection(SolutionConfigurationPlatforms) = preSolution
		Debug|Any CPU = Debug|Any CPU
		Release|Any CPU = Release|Any CPU
	EndGlobalSection
	GlobalSection(ProjectConfigurationPlatforms) = postSolution
		{4BEEC856-A1E7-4D2A-9184-EA4742A3C032}.Debug|Any CPU.ActiveCfg = Debug|Any CPU
		{4BEEC856-A1E7-4D2A-9184-EA4742A3C032}.Debug|Any CPU.Build.0 = Debug|Any CPU
		{4BEEC856-A1E7-4D2A-9184-EA4742A3C032}.Release|Any CPU.ActiveCfg = Release|Any CPU
		{4BEEC856-A1E7-4D2A-9184-EA4742A3C032}.Release|Any CPU.Build.0 = Release|Any CPU
	EndGlobalSection
	GlobalSection(SolutionProperties) = preSolution
		HideSolutionNode = FALSE
	EndGlobalSection
	GlobalSection(ExtensibilityGlobals) = postSolution
		SolutionGuid = {0BB4344F-559D-41C4-A7BA-4F6967A1402D}
	EndGlobalSection
EndGlobal
